
Microsoft Visual Studio Solution File, Format Version 12.00
# Visual Studio Version 16
VisualStudioVersion = 16.0.29102.190
MinimumVisualStudioVersion = 10.0.40219.1
Project("{9A19103F-16F7-4668-BE54-9A1E7A4F7556}") = "CodeWars", "CodeWars\CodeWars.csproj", "{28BC9071-DBDE-4059-931A-864B0D627E1C}"
EndProject
Project("{9A19103F-16F7-4668-BE54-9A1E7A4F7556}") = "AccumulTest", "AccumulTest\AccumulTest.csproj", "{85285507-D007-4F67-B07F-6374AFC6F48E}"
EndProject
Project("{9A19103F-16F7-4668-BE54-9A1E7A4F7556}") = "RemoveExclamationTest.cs", "RemoveExclamationTest.cs\RemoveExclamationTest.cs.csproj", "{B02845E3-7A0F-4FB7-A099-3A39886D1EF3}"
EndProject
Project("{9A19103F-16F7-4668-BE54-9A1E7A4F7556}") = "RowWeightsTest", "RowWeightsTest\RowWeightsTest.csproj", "{A6DFCDBE-00C2-4628-82E7-FBEC13C98617}"
EndProject
Project("{9A19103F-16F7-4668-BE54-9A1E7A4F7556}") = "VowelCountTest", "VowelCountTest\VowelCountTest.csproj", "{6289C451-AA35-4176-8C4D-77F0833ABD3A}"
EndProject
Project("{9A19103F-16F7-4668-BE54-9A1E7A4F7556}") = "HighestLowestTest", "HighestLowestTest\HighestLowestTest.csproj", "{DD7E9CD7-6536-41D6-979E-5A7F9FE7F5C5}"
EndProject
Project("{9A19103F-16F7-4668-BE54-9A1E7A4F7556}") = "GrowthOfPopulationTest", "GrowthOfPopulationTest\GrowthOfPopulationTest.csproj", "{C1BB633C-FD02-4794-831E-3833F6459672}"
EndProject
Project("{9A19103F-16F7-4668-BE54-9A1E7A4F7556}") = "ValidatePINTest", "ValidatePINTest\ValidatePINTest.csproj", "{1F9C058B-D4BC-4B7C-A8A1-E8A2664BCA43}"
EndProject
Project("{9A19103F-16F7-4668-BE54-9A1E7A4F7556}") = "SquareEveryDigitTest", "SquareEveryDigitTest\SquareEveryDigitTest.csproj", "{4820B367-28EB-429C-B3C1-91DDC072D50D}"
EndProject
Project("{9A19103F-16F7-4668-BE54-9A1E7A4F7556}") = "TwoToOneTest", "TwoToOneTest\TwoToOneTest.csproj", "{9FA027EE-9846-4551-884C-A4BAB72DF4EF}"
EndProject
Project("{9A19103F-16F7-4668-BE54-9A1E7A4F7556}") = "GetMiddleCharacterTest", "GetMiddleCharacterTest\GetMiddleCharacterTest.csproj", "{A691E7D2-6E7C-415D-B2FF-7E040651697F}"
EndProject
Project("{9A19103F-16F7-4668-BE54-9A1E7A4F7556}") = "AlphabetWarTest", "AlphabetWarTest\AlphabetWarTest.csproj", "{63AE4C8C-730F-4A43-929F-1F4F5881AEF2}"
EndProject
Project("{9A19103F-16F7-4668-BE54-9A1E7A4F7556}") = "DisemvowelTrollsTest", "DisemvowelTrollsTest\DisemvowelTrollsTest.csproj", "{FC8FB111-B8F2-4636-ABF7-760EBDD6F464}"
EndProject
Project("{9A19103F-16F7-4668-BE54-9A1E7A4F7556}") = "AlphabetAirStrikeWar", "AlphabetAirStrikeWar\AlphabetAirStrikeWar.csproj", "{5C0E1D9A-4266-40BC-AD24-CBB9744880A7}"
EndProject
Project("{9A19103F-16F7-4668-BE54-9A1E7A4F7556}") = "SquareOfSquaresTest", "SquareOfSquaresTest\SquareOfSquaresTest.csproj", "{A05D97F1-8E9D-4AD5-93AD-D69E4BE696C2}"
EndProject
Project("{9A19103F-16F7-4668-BE54-9A1E7A4F7556}") = "ComplementaryDNATest", "ComplementaryDNATest\ComplementaryDNATest.csproj", "{C39969FD-1C93-4936-BABA-D08B73EABAB0}"
EndProject
Project("{9A19103F-16F7-4668-BE54-9A1E7A4F7556}") = "TimeDegreesTest", "TimeDegreesTest\TimeDegreesTest.csproj", "{38DA03B2-DF4E-42A2-B4A9-6CA758EC89BA}"
EndProject
Project("{9A19103F-16F7-4668-BE54-9A1E7A4F7556}") = "ArrrayDiffTest", "ArrrayDiffTest\ArrrayDiffTest.csproj", "{8417E6BE-F093-4BE0-88DC-0631CDABCEA5}"
EndProject
Project("{9A19103F-16F7-4668-BE54-9A1E7A4F7556}") = "GreedIsGoodTest", "GreedIsGoodTest\GreedIsGoodTest.csproj", "{4A95CF45-833B-43E6-B7CD-C168C6B0C37A}"
EndProject
Project("{9A19103F-16F7-4668-BE54-9A1E7A4F7556}") = "DetectPagramTest", "DetectPagramTest\DetectPagramTest.csproj", "{D2027175-A3A2-4E80-BD06-B384B8D1E0CC}"
EndProject
Project("{9A19103F-16F7-4668-BE54-9A1E7A4F7556}") = "ConsonateValueTest", "ConsonateValueTest\ConsonateValueTest.csproj", "{5EBA6F2E-C3CC-4616-AC09-D861FB646E94}"
EndProject
Project("{9A19103F-16F7-4668-BE54-9A1E7A4F7556}") = "FishInThePondTest", "FishInThePondTest\FishInThePondTest.csproj", "{045D805D-BCE6-495B-AEFB-6D5CB55957DD}"
EndProject
Project("{FAE04EC0-301F-11D3-BF4B-00C04F79EFBC}") = "RomanNumeralsDecoderTest", "RomanNumeralsDecoderTest\RomanNumeralsDecoderTest.csproj", "{77D79657-7124-41F5-A80A-D823EE6C3F23}"
EndProject
Global
	GlobalSection(SolutionConfigurationPlatforms) = preSolution
		Debug|Any CPU = Debug|Any CPU
		Release|Any CPU = Release|Any CPU
	EndGlobalSection
	GlobalSection(ProjectConfigurationPlatforms) = postSolution
		{28BC9071-DBDE-4059-931A-864B0D627E1C}.Debug|Any CPU.ActiveCfg = Debug|Any CPU
		{28BC9071-DBDE-4059-931A-864B0D627E1C}.Debug|Any CPU.Build.0 = Debug|Any CPU
		{28BC9071-DBDE-4059-931A-864B0D627E1C}.Release|Any CPU.ActiveCfg = Release|Any CPU
		{28BC9071-DBDE-4059-931A-864B0D627E1C}.Release|Any CPU.Build.0 = Release|Any CPU
		{85285507-D007-4F67-B07F-6374AFC6F48E}.Debug|Any CPU.ActiveCfg = Debug|Any CPU
		{85285507-D007-4F67-B07F-6374AFC6F48E}.Debug|Any CPU.Build.0 = Debug|Any CPU
		{85285507-D007-4F67-B07F-6374AFC6F48E}.Release|Any CPU.ActiveCfg = Release|Any CPU
		{85285507-D007-4F67-B07F-6374AFC6F48E}.Release|Any CPU.Build.0 = Release|Any CPU
		{B02845E3-7A0F-4FB7-A099-3A39886D1EF3}.Debug|Any CPU.ActiveCfg = Debug|Any CPU
		{B02845E3-7A0F-4FB7-A099-3A39886D1EF3}.Debug|Any CPU.Build.0 = Debug|Any CPU
		{B02845E3-7A0F-4FB7-A099-3A39886D1EF3}.Release|Any CPU.ActiveCfg = Release|Any CPU
		{B02845E3-7A0F-4FB7-A099-3A39886D1EF3}.Release|Any CPU.Build.0 = Release|Any CPU
		{A6DFCDBE-00C2-4628-82E7-FBEC13C98617}.Debug|Any CPU.ActiveCfg = Debug|Any CPU
		{A6DFCDBE-00C2-4628-82E7-FBEC13C98617}.Debug|Any CPU.Build.0 = Debug|Any CPU
		{A6DFCDBE-00C2-4628-82E7-FBEC13C98617}.Release|Any CPU.ActiveCfg = Release|Any CPU
		{A6DFCDBE-00C2-4628-82E7-FBEC13C98617}.Release|Any CPU.Build.0 = Release|Any CPU
		{6289C451-AA35-4176-8C4D-77F0833ABD3A}.Debug|Any CPU.ActiveCfg = Debug|Any CPU
		{6289C451-AA35-4176-8C4D-77F0833ABD3A}.Debug|Any CPU.Build.0 = Debug|Any CPU
		{6289C451-AA35-4176-8C4D-77F0833ABD3A}.Release|Any CPU.ActiveCfg = Release|Any CPU
		{6289C451-AA35-4176-8C4D-77F0833ABD3A}.Release|Any CPU.Build.0 = Release|Any CPU
		{DD7E9CD7-6536-41D6-979E-5A7F9FE7F5C5}.Debug|Any CPU.ActiveCfg = Debug|Any CPU
		{DD7E9CD7-6536-41D6-979E-5A7F9FE7F5C5}.Debug|Any CPU.Build.0 = Debug|Any CPU
		{DD7E9CD7-6536-41D6-979E-5A7F9FE7F5C5}.Release|Any CPU.ActiveCfg = Release|Any CPU
		{DD7E9CD7-6536-41D6-979E-5A7F9FE7F5C5}.Release|Any CPU.Build.0 = Release|Any CPU
		{C1BB633C-FD02-4794-831E-3833F6459672}.Debug|Any CPU.ActiveCfg = Debug|Any CPU
		{C1BB633C-FD02-4794-831E-3833F6459672}.Debug|Any CPU.Build.0 = Debug|Any CPU
		{C1BB633C-FD02-4794-831E-3833F6459672}.Release|Any CPU.ActiveCfg = Release|Any CPU
		{C1BB633C-FD02-4794-831E-3833F6459672}.Release|Any CPU.Build.0 = Release|Any CPU
		{1F9C058B-D4BC-4B7C-A8A1-E8A2664BCA43}.Debug|Any CPU.ActiveCfg = Debug|Any CPU
		{1F9C058B-D4BC-4B7C-A8A1-E8A2664BCA43}.Debug|Any CPU.Build.0 = Debug|Any CPU
		{1F9C058B-D4BC-4B7C-A8A1-E8A2664BCA43}.Release|Any CPU.ActiveCfg = Release|Any CPU
		{1F9C058B-D4BC-4B7C-A8A1-E8A2664BCA43}.Release|Any CPU.Build.0 = Release|Any CPU
		{4820B367-28EB-429C-B3C1-91DDC072D50D}.Debug|Any CPU.ActiveCfg = Debug|Any CPU
		{4820B367-28EB-429C-B3C1-91DDC072D50D}.Debug|Any CPU.Build.0 = Debug|Any CPU
		{4820B367-28EB-429C-B3C1-91DDC072D50D}.Release|Any CPU.ActiveCfg = Release|Any CPU
		{4820B367-28EB-429C-B3C1-91DDC072D50D}.Release|Any CPU.Build.0 = Release|Any CPU
		{9FA027EE-9846-4551-884C-A4BAB72DF4EF}.Debug|Any CPU.ActiveCfg = Debug|Any CPU
		{9FA027EE-9846-4551-884C-A4BAB72DF4EF}.Debug|Any CPU.Build.0 = Debug|Any CPU
		{9FA027EE-9846-4551-884C-A4BAB72DF4EF}.Release|Any CPU.ActiveCfg = Release|Any CPU
		{9FA027EE-9846-4551-884C-A4BAB72DF4EF}.Release|Any CPU.Build.0 = Release|Any CPU
		{A691E7D2-6E7C-415D-B2FF-7E040651697F}.Debug|Any CPU.ActiveCfg = Debug|Any CPU
		{A691E7D2-6E7C-415D-B2FF-7E040651697F}.Debug|Any CPU.Build.0 = Debug|Any CPU
		{A691E7D2-6E7C-415D-B2FF-7E040651697F}.Release|Any CPU.ActiveCfg = Release|Any CPU
		{A691E7D2-6E7C-415D-B2FF-7E040651697F}.Release|Any CPU.Build.0 = Release|Any CPU
		{63AE4C8C-730F-4A43-929F-1F4F5881AEF2}.Debug|Any CPU.ActiveCfg = Debug|Any CPU
		{63AE4C8C-730F-4A43-929F-1F4F5881AEF2}.Debug|Any CPU.Build.0 = Debug|Any CPU
		{63AE4C8C-730F-4A43-929F-1F4F5881AEF2}.Release|Any CPU.ActiveCfg = Release|Any CPU
		{63AE4C8C-730F-4A43-929F-1F4F5881AEF2}.Release|Any CPU.Build.0 = Release|Any CPU
		{FC8FB111-B8F2-4636-ABF7-760EBDD6F464}.Debug|Any CPU.ActiveCfg = Debug|Any CPU
		{FC8FB111-B8F2-4636-ABF7-760EBDD6F464}.Debug|Any CPU.Build.0 = Debug|Any CPU
		{FC8FB111-B8F2-4636-ABF7-760EBDD6F464}.Release|Any CPU.ActiveCfg = Release|Any CPU
		{FC8FB111-B8F2-4636-ABF7-760EBDD6F464}.Release|Any CPU.Build.0 = Release|Any CPU
		{5C0E1D9A-4266-40BC-AD24-CBB9744880A7}.Debug|Any CPU.ActiveCfg = Debug|Any CPU
		{5C0E1D9A-4266-40BC-AD24-CBB9744880A7}.Debug|Any CPU.Build.0 = Debug|Any CPU
		{5C0E1D9A-4266-40BC-AD24-CBB9744880A7}.Release|Any CPU.ActiveCfg = Release|Any CPU
		{5C0E1D9A-4266-40BC-AD24-CBB9744880A7}.Release|Any CPU.Build.0 = Release|Any CPU
		{A05D97F1-8E9D-4AD5-93AD-D69E4BE696C2}.Debug|Any CPU.ActiveCfg = Debug|Any CPU
		{A05D97F1-8E9D-4AD5-93AD-D69E4BE696C2}.Debug|Any CPU.Build.0 = Debug|Any CPU
		{A05D97F1-8E9D-4AD5-93AD-D69E4BE696C2}.Release|Any CPU.ActiveCfg = Release|Any CPU
		{A05D97F1-8E9D-4AD5-93AD-D69E4BE696C2}.Release|Any CPU.Build.0 = Release|Any CPU
		{C39969FD-1C93-4936-BABA-D08B73EABAB0}.Debug|Any CPU.ActiveCfg = Debug|Any CPU
		{C39969FD-1C93-4936-BABA-D08B73EABAB0}.Debug|Any CPU.Build.0 = Debug|Any CPU
		{C39969FD-1C93-4936-BABA-D08B73EABAB0}.Release|Any CPU.ActiveCfg = Release|Any CPU
		{C39969FD-1C93-4936-BABA-D08B73EABAB0}.Release|Any CPU.Build.0 = Release|Any CPU
		{38DA03B2-DF4E-42A2-B4A9-6CA758EC89BA}.Debug|Any CPU.ActiveCfg = Debug|Any CPU
		{38DA03B2-DF4E-42A2-B4A9-6CA758EC89BA}.Debug|Any CPU.Build.0 = Debug|Any CPU
		{38DA03B2-DF4E-42A2-B4A9-6CA758EC89BA}.Release|Any CPU.ActiveCfg = Release|Any CPU
		{38DA03B2-DF4E-42A2-B4A9-6CA758EC89BA}.Release|Any CPU.Build.0 = Release|Any CPU
		{8417E6BE-F093-4BE0-88DC-0631CDABCEA5}.Debug|Any CPU.ActiveCfg = Debug|Any CPU
		{8417E6BE-F093-4BE0-88DC-0631CDABCEA5}.Debug|Any CPU.Build.0 = Debug|Any CPU
		{8417E6BE-F093-4BE0-88DC-0631CDABCEA5}.Release|Any CPU.ActiveCfg = Release|Any CPU
		{8417E6BE-F093-4BE0-88DC-0631CDABCEA5}.Release|Any CPU.Build.0 = Release|Any CPU
		{4A95CF45-833B-43E6-B7CD-C168C6B0C37A}.Debug|Any CPU.ActiveCfg = Debug|Any CPU
		{4A95CF45-833B-43E6-B7CD-C168C6B0C37A}.Debug|Any CPU.Build.0 = Debug|Any CPU
		{4A95CF45-833B-43E6-B7CD-C168C6B0C37A}.Release|Any CPU.ActiveCfg = Release|Any CPU
		{4A95CF45-833B-43E6-B7CD-C168C6B0C37A}.Release|Any CPU.Build.0 = Release|Any CPU
		{D2027175-A3A2-4E80-BD06-B384B8D1E0CC}.Debug|Any CPU.ActiveCfg = Debug|Any CPU
		{D2027175-A3A2-4E80-BD06-B384B8D1E0CC}.Debug|Any CPU.Build.0 = Debug|Any CPU
		{D2027175-A3A2-4E80-BD06-B384B8D1E0CC}.Release|Any CPU.ActiveCfg = Release|Any CPU
		{D2027175-A3A2-4E80-BD06-B384B8D1E0CC}.Release|Any CPU.Build.0 = Release|Any CPU
		{5EBA6F2E-C3CC-4616-AC09-D861FB646E94}.Debug|Any CPU.ActiveCfg = Debug|Any CPU
		{5EBA6F2E-C3CC-4616-AC09-D861FB646E94}.Debug|Any CPU.Build.0 = Debug|Any CPU
		{5EBA6F2E-C3CC-4616-AC09-D861FB646E94}.Release|Any CPU.ActiveCfg = Release|Any CPU
		{5EBA6F2E-C3CC-4616-AC09-D861FB646E94}.Release|Any CPU.Build.0 = Release|Any CPU
		{045D805D-BCE6-495B-AEFB-6D5CB55957DD}.Debug|Any CPU.ActiveCfg = Debug|Any CPU
		{045D805D-BCE6-495B-AEFB-6D5CB55957DD}.Debug|Any CPU.Build.0 = Debug|Any CPU
		{045D805D-BCE6-495B-AEFB-6D5CB55957DD}.Release|Any CPU.ActiveCfg = Release|Any CPU
		{045D805D-BCE6-495B-AEFB-6D5CB55957DD}.Release|Any CPU.Build.0 = Release|Any CPU
		{77D79657-7124-41F5-A80A-D823EE6C3F23}.Debug|Any CPU.ActiveCfg = Debug|Any CPU
		{77D79657-7124-41F5-A80A-D823EE6C3F23}.Debug|Any CPU.Build.0 = Debug|Any CPU
		{77D79657-7124-41F5-A80A-D823EE6C3F23}.Release|Any CPU.ActiveCfg = Release|Any CPU
		{77D79657-7124-41F5-A80A-D823EE6C3F23}.Release|Any CPU.Build.0 = Release|Any CPU
	EndGlobalSection
	GlobalSection(SolutionProperties) = preSolution
		HideSolutionNode = FALSE
	EndGlobalSection
	GlobalSection(ExtensibilityGlobals) = postSolution
		SolutionGuid = {745238D2-D484-4251-B710-FA26234EFD37}
	EndGlobalSection
EndGlobal
